
Microsoft Visual Studio Solution File, Format Version 12.00
# Visual Studio Version 17
VisualStudioVersion = 17.7.34221.43
MinimumVisualStudioVersion = 10.0.40219.1
Project("{9A19103F-16F7-4668-BE54-9A1E7A4F7556}") = "MusicalMoments", "MusicalMoments\MusicalMoments.csproj", "{C47FF24F-7C82-4443-ACF8-B67DB4BBF86C}"
EndProject
Global
	GlobalSection(SolutionConfigurationPlatforms) = preSolution
		Debug|Any CPU = Debug|Any CPU
		Debug|x64 = Debug|x64
		Release|Any CPU = Release|Any CPU
		Release|x64 = Release|x64
	EndGlobalSection
	GlobalSection(ProjectConfigurationPlatforms) = postSolution
		{C47FF24F-7C82-4443-ACF8-B67DB4BBF86C}.Debug|Any CPU.ActiveCfg = Debug|Any CPU
		{C47FF24F-7C82-4443-ACF8-B67DB4BBF86C}.Debug|Any CPU.Build.0 = Debug|Any CPU
		{C47FF24F-7C82-4443-ACF8-B67DB4BBF86C}.Debug|x64.ActiveCfg = Debug|x64
		{C47FF24F-7C82-4443-ACF8-B67DB4BBF86C}.Debug|x64.Build.0 = Debug|x64
		{C47FF24F-7C82-4443-ACF8-B67DB4BBF86C}.Release|Any CPU.ActiveCfg = Release|Any CPU
		{C47FF24F-7C82-4443-ACF8-B67DB4BBF86C}.Release|Any CPU.Build.0 = Release|Any CPU
		{C47FF24F-7C82-4443-ACF8-B67DB4BBF86C}.Release|x64.ActiveCfg = Release|x64
		{C47FF24F-7C82-4443-ACF8-B67DB4BBF86C}.Release|x64.Build.0 = Release|x64
	EndGlobalSection
	GlobalSection(SolutionProperties) = preSolution
		HideSolutionNode = FALSE
	EndGlobalSection
	GlobalSection(ExtensibilityGlobals) = postSolution
		SolutionGuid = {6285372B-3D9A-48CC-B15D-06B076A719B0}
	EndGlobalSection
EndGlobal
